
Microsoft Visual Studio Solution File, Format Version 12.00
# Visual Studio 15
VisualStudioVersion = 15.0.26430.15
MinimumVisualStudioVersion = 10.0.40219.1
Project("{FAE04EC0-301F-11D3-BF4B-00C04F79EFBC}") = "SecuritySystem", "SecuritySystem\SecuritySystem.csproj", "{CBFA3A8B-4E1A-4FA2-A806-FD9D524D2F39}"
EndProject
Project("{FAE04EC0-301F-11D3-BF4B-00C04F79EFBC}") = "SecuritySystem.Data", "SecuritySystem.Data\SecuritySystem.Data.csproj", "{420EC659-2694-42FE-BCDF-225678CD8208}"
EndProject
Project("{FAE04EC0-301F-11D3-BF4B-00C04F79EFBC}") = "SecuritySystem.Business", "SecuritySystem.Business\SecuritySystem.Business.csproj", "{FCE927F5-4D13-4E7D-93A4-60FCC5980916}"
EndProject
Global
	GlobalSection(SolutionConfigurationPlatforms) = preSolution
		Debug|Any CPU = Debug|Any CPU
		Release|Any CPU = Release|Any CPU
	EndGlobalSection
	GlobalSection(ProjectConfigurationPlatforms) = postSolution
		{CBFA3A8B-4E1A-4FA2-A806-FD9D524D2F39}.Debug|Any CPU.ActiveCfg = Debug|Any CPU
		{CBFA3A8B-4E1A-4FA2-A806-FD9D524D2F39}.Debug|Any CPU.Build.0 = Debug|Any CPU
		{CBFA3A8B-4E1A-4FA2-A806-FD9D524D2F39}.Release|Any CPU.ActiveCfg = Release|Any CPU
		{CBFA3A8B-4E1A-4FA2-A806-FD9D524D2F39}.Release|Any CPU.Build.0 = Release|Any CPU
		{420EC659-2694-42FE-BCDF-225678CD8208}.Debug|Any CPU.ActiveCfg = Debug|Any CPU
		{420EC659-2694-42FE-BCDF-225678CD8208}.Debug|Any CPU.Build.0 = Debug|Any CPU
		{420EC659-2694-42FE-BCDF-225678CD8208}.Release|Any CPU.ActiveCfg = Release|Any CPU
		{420EC659-2694-42FE-BCDF-225678CD8208}.Release|Any CPU.Build.0 = Release|Any CPU
		{FCE927F5-4D13-4E7D-93A4-60FCC5980916}.Debug|Any CPU.ActiveCfg = Debug|Any CPU
		{FCE927F5-4D13-4E7D-93A4-60FCC5980916}.Debug|Any CPU.Build.0 = Debug|Any CPU
		{FCE927F5-4D13-4E7D-93A4-60FCC5980916}.Release|Any CPU.ActiveCfg = Release|Any CPU
		{FCE927F5-4D13-4E7D-93A4-60FCC5980916}.Release|Any CPU.Build.0 = Release|Any CPU
	EndGlobalSection
	GlobalSection(SolutionProperties) = preSolution
		HideSolutionNode = FALSE
	EndGlobalSection
EndGlobal
